// !$*UTF8*$!
{
	archiveVersion = 1;
	classes = {
	};
	objectVersion = 77;
	objects = {

/* Begin PBXBuildFile section */
		3DBE1C822DDB8900007A7E2A /* ScrollStop Extension.appex in Embed Foundation Extensions */ = {isa = PBXBuildFile; fileRef = 3DBE1C812DDB8900007A7E2A /* ScrollStop Extension.appex */; settings = {ATTRIBUTES = (RemoveHeadersOnCopy, ); }; };
		3DBE1C8C2DDB8900007A7E2A /* ScrollStop Extension.appex in Embed Foundation Extensions */ = {isa = PBXBuildFile; fileRef = 3DBE1C8B2DDB8900007A7E2A /* ScrollStop Extension.appex */; settings = {ATTRIBUTES = (RemoveHeadersOnCopy, ); }; };
/* End PBXBuildFile section */

/* Begin PBXContainerItemProxy section */
		3DBE1C832DDB8900007A7E2A /* PBXContainerItemProxy */ = {
			isa = PBXContainerItemProxy;
			containerPortal = 3DBE1C472DDB88FF007A7E2A /* Project object */;
			proxyType = 1;
			remoteGlobalIDString = 3DBE1C802DDB8900007A7E2A;
			remoteInfo = "ScrollStop Extension (iOS)";
		};
		3DBE1C8D2DDB8900007A7E2A /* PBXContainerItemProxy */ = {
			isa = PBXContainerItemProxy;
			containerPortal = 3DBE1C472DDB88FF007A7E2A /* Project object */;
			proxyType = 1;
			remoteGlobalIDString = 3DBE1C8A2DDB8900007A7E2A;
			remoteInfo = "ScrollStop Extension (macOS)";
		};
/* End PBXContainerItemProxy section */

/* Begin PBXCopyFilesBuildPhase section */
		3DBE1CB52DDB8900007A7E2A /* Embed Foundation Extensions */ = {
			isa = PBXCopyFilesBuildPhase;
			buildActionMask = 2147483647;
			dstPath = "";
			dstSubfolderSpec = 13;
			files = (
				3DBE1C822DDB8900007A7E2A /* ScrollStop Extension.appex in Embed Foundation Extensions */,
			);
			name = "Embed Foundation Extensions";
			runOnlyForDeploymentPostprocessing = 0;
		};
		3DBE1CBF2DDB8900007A7E2A /* Embed Foundation Extensions */ = {
			isa = PBXCopyFilesBuildPhase;
			buildActionMask = 2147483647;
			dstPath = "";
			dstSubfolderSpec = 13;
			files = (
				3DBE1C8C2DDB8900007A7E2A /* ScrollStop Extension.appex in Embed Foundation Extensions */,
			);
			name = "Embed Foundation Extensions";
			runOnlyForDeploymentPostprocessing = 0;
		};
/* End PBXCopyFilesBuildPhase section */

/* Begin PBXFileReference section */
		3DBE1C632DDB8900007A7E2A /* ScrollStop.app */ = {isa = PBXFileReference; explicitFileType = wrapper.application; includeInIndex = 0; path = ScrollStop.app; sourceTree = BUILT_PRODUCTS_DIR; };
		3DBE1C752DDB8900007A7E2A /* ScrollStop.app */ = {isa = PBXFileReference; explicitFileType = wrapper.application; includeInIndex = 0; path = ScrollStop.app; sourceTree = BUILT_PRODUCTS_DIR; };
		3DBE1C812DDB8900007A7E2A /* ScrollStop Extension.appex */ = {isa = PBXFileReference; explicitFileType = "wrapper.app-extension"; includeInIndex = 0; path = "ScrollStop Extension.appex"; sourceTree = BUILT_PRODUCTS_DIR; };
		3DBE1C8B2DDB8900007A7E2A /* ScrollStop Extension.appex */ = {isa = PBXFileReference; explicitFileType = "wrapper.app-extension"; includeInIndex = 0; path = "ScrollStop Extension.appex"; sourceTree = BUILT_PRODUCTS_DIR; };
/* End PBXFileReference section */

/* Begin PBXFileSystemSynchronizedBuildFileExceptionSet section */
		3DBE1CB02DDB8900007A7E2A /* Exceptions for "Shared (App)" folder in "ScrollStop (iOS)" target */ = {
			isa = PBXFileSystemSynchronizedBuildFileExceptionSet;
			membershipExceptions = (
				"/Localized: Resources/Main.html",
				Assets.xcassets,
				components/button.js,
				Resources/Icon.png,
				Resources/Script.js,
				Resources/Style.css,
				ViewController.swift,
			);
			target = 3DBE1C622DDB8900007A7E2A /* ScrollStop (iOS) */;
		};
		3DBE1CB42DDB8900007A7E2A /* Exceptions for "iOS (Extension)" folder in "ScrollStop Extension (iOS)" target */ = {
			isa = PBXFileSystemSynchronizedBuildFileExceptionSet;
			membershipExceptions = (
				Info.plist,
			);
			target = 3DBE1C802DDB8900007A7E2A /* ScrollStop Extension (iOS) */;
		};
		3DBE1CB92DDB8900007A7E2A /* Exceptions for "iOS (App)" folder in "ScrollStop (iOS)" target */ = {
			isa = PBXFileSystemSynchronizedBuildFileExceptionSet;
			membershipExceptions = (
				Info.plist,
			);
			target = 3DBE1C622DDB8900007A7E2A /* ScrollStop (iOS) */;
		};
		3DBE1CBA2DDB8900007A7E2A /* Exceptions for "Shared (App)" folder in "ScrollStop (macOS)" target */ = {
			isa = PBXFileSystemSynchronizedBuildFileExceptionSet;
			membershipExceptions = (
				"/Localized: Resources/Main.html",
				Assets.xcassets,
				components/button.js,
				Resources/Icon.png,
				Resources/Script.js,
				Resources/Style.css,
				ViewController.swift,
			);
			target = 3DBE1C742DDB8900007A7E2A /* ScrollStop (macOS) */;
		};
		3DBE1CBE2DDB8900007A7E2A /* Exceptions for "macOS (Extension)" folder in "ScrollStop Extension (macOS)" target */ = {
			isa = PBXFileSystemSynchronizedBuildFileExceptionSet;
			membershipExceptions = (
				Info.plist,
			);
			target = 3DBE1C8A2DDB8900007A7E2A /* ScrollStop Extension (macOS) */;
		};
		3DBE1CC32DDB8900007A7E2A /* Exceptions for "Shared (Extension)" folder in "ScrollStop Extension (iOS)" target */ = {
			isa = PBXFileSystemSynchronizedBuildFileExceptionSet;
			membershipExceptions = (
				Resources/_locales,
				Resources/background.js,
				Resources/components/timer.js,
				Resources/content.js,
				Resources/images,
				Resources/manifest.json,
				"Resources/modules/blocking-screen/blocking-screen.css",
				"Resources/modules/blocking-screen/blocking-screen.js",
				"Resources/modules/doomscroll-detector/doomscroll-animation.css",
				"Resources/modules/doomscroll-detector/doomscroll-animation.js",
				"Resources/modules/doomscroll-detector/doomscroll-detector.js",
				"Resources/modules/timer-tracker/timer-tracker.js",
				"Resources/modules/transition-screen/transition-screen.css",
				"Resources/modules/transition-screen/transition-screen.js",
				"Resources/modules/utils/storage-helper.js",
				"Resources/modules/utils/time-manager.js",
				Resources/popup.html,
				Resources/sites.json,
				SafariWebExtensionHandler.swift,
			);
			target = 3DBE1C802DDB8900007A7E2A /* ScrollStop Extension (iOS) */;
		};
		3DBE1CC42DDB8900007A7E2A /* Exceptions for "Shared (Extension)" folder in "ScrollStop Extension (macOS)" target */ = {
			isa = PBXFileSystemSynchronizedBuildFileExceptionSet;
			membershipExceptions = (
				Resources/_locales,
				Resources/background.js,
				Resources/components/timer.js,
				Resources/content.js,
				Resources/images,
				Resources/manifest.json,
				"Resources/modules/blocking-screen/blocking-screen.css",
				"Resources/modules/blocking-screen/blocking-screen.js",
				"Resources/modules/doomscroll-detector/doomscroll-animation.css",
				"Resources/modules/doomscroll-detector/doomscroll-animation.js",
				"Resources/modules/doomscroll-detector/doomscroll-detector.js",
				"Resources/modules/timer-tracker/timer-tracker.js",
				"Resources/modules/transition-screen/transition-screen.css",
				"Resources/modules/transition-screen/transition-screen.js",
				"Resources/modules/utils/storage-helper.js",
				"Resources/modules/utils/time-manager.js",
				Resources/popup.html,
				Resources/sites.json,
				SafariWebExtensionHandler.swift,
			);
			target = 3DBE1C8A2DDB8900007A7E2A /* ScrollStop Extension (macOS) */;
		};
		3DE67D872DEEFC4600A0E49E /* Exceptions for "Shared (App)" folder in "ScrollStop Extension (iOS)" target */ = {
			isa = PBXFileSystemSynchronizedBuildFileExceptionSet;
			membershipExceptions = (
				Resources/Icon.png,
			);
			target = 3DBE1C802DDB8900007A7E2A /* ScrollStop Extension (iOS) */;
		};
		3DE67D892DEEFC4A00A0E49E /* Exceptions for "Shared (App)" folder in "ScrollStop Extension (macOS)" target */ = {
			isa = PBXFileSystemSynchronizedBuildFileExceptionSet;
			membershipExceptions = (
				Resources/Icon.png,
			);
			target = 3DBE1C8A2DDB8900007A7E2A /* ScrollStop Extension (macOS) */;
		};
/* End PBXFileSystemSynchronizedBuildFileExceptionSet section */

/* Begin PBXFileSystemSynchronizedRootGroup section */
		3DBE1C4B2DDB88FF007A7E2A /* Shared (App) */ = {
			isa = PBXFileSystemSynchronizedRootGroup;
			exceptions = (
				3DBE1CB02DDB8900007A7E2A /* Exceptions for "Shared (App)" folder in "ScrollStop (iOS)" target */,
				3DBE1CBA2DDB8900007A7E2A /* Exceptions for "Shared (App)" folder in "ScrollStop (macOS)" target */,
				3DE67D872DEEFC4600A0E49E /* Exceptions for "Shared (App)" folder in "ScrollStop Extension (iOS)" target */,
				3DE67D892DEEFC4A00A0E49E /* Exceptions for "Shared (App)" folder in "ScrollStop Extension (macOS)" target */,
			);
			path = "Shared (App)";
			sourceTree = "<group>";
		};
		3DBE1C542DDB8900007A7E2A /* Shared (Extension) */ = {
			isa = PBXFileSystemSynchronizedRootGroup;
			exceptions = (
				3DBE1CC32DDB8900007A7E2A /* Exceptions for "Shared (Extension)" folder in "ScrollStop Extension (iOS)" target */,
				3DBE1CC42DDB8900007A7E2A /* Exceptions for "Shared (Extension)" folder in "ScrollStop Extension (macOS)" target */,
			);
			explicitFolders = (
				Resources/_locales,
				Resources/images,
			);
			path = "Shared (Extension)";
			sourceTree = "<group>";
		};
		3DBE1C652DDB8900007A7E2A /* iOS (App) */ = {
			isa = PBXFileSystemSynchronizedRootGroup;
			exceptions = (
				3DBE1CB92DDB8900007A7E2A /* Exceptions for "iOS (App)" folder in "ScrollStop (iOS)" target */,
			);
			path = "iOS (App)";
			sourceTree = "<group>";
		};
		3DBE1C762DDB8900007A7E2A /* macOS (App) */ = {
			isa = PBXFileSystemSynchronizedRootGroup;
			path = "macOS (App)";
			sourceTree = "<group>";
		};
		3DBE1C852DDB8900007A7E2A /* iOS (Extension) */ = {
			isa = PBXFileSystemSynchronizedRootGroup;
			exceptions = (
				3DBE1CB42DDB8900007A7E2A /* Exceptions for "iOS (Extension)" folder in "ScrollStop Extension (iOS)" target */,
			);
			path = "iOS (Extension)";
			sourceTree = "<group>";
		};
		3DBE1C8F2DDB8900007A7E2A /* macOS (Extension) */ = {
			isa = PBXFileSystemSynchronizedRootGroup;
			exceptions = (
				3DBE1CBE2DDB8900007A7E2A /* Exceptions for "macOS (Extension)" folder in "ScrollStop Extension (macOS)" target */,
			);
			path = "macOS (Extension)";
			sourceTree = "<group>";
		};
/* End PBXFileSystemSynchronizedRootGroup section */

/* Begin PBXFrameworksBuildPhase section */
		3DBE1C602DDB8900007A7E2A /* Frameworks */ = {
			isa = PBXFrameworksBuildPhase;
			buildActionMask = 2147483647;
			files = (
			);
			runOnlyForDeploymentPostprocessing = 0;
		};
		3DBE1C722DDB8900007A7E2A /* Frameworks */ = {
			isa = PBXFrameworksBuildPhase;
			buildActionMask = 2147483647;
			files = (
			);
			runOnlyForDeploymentPostprocessing = 0;
		};
		3DBE1C7E2DDB8900007A7E2A /* Frameworks */ = {
			isa = PBXFrameworksBuildPhase;
			buildActionMask = 2147483647;
			files = (
			);
			runOnlyForDeploymentPostprocessing = 0;
		};
		3DBE1C882DDB8900007A7E2A /* Frameworks */ = {
			isa = PBXFrameworksBuildPhase;
			buildActionMask = 2147483647;
			files = (
			);
			runOnlyForDeploymentPostprocessing = 0;
		};
/* End PBXFrameworksBuildPhase section */

/* Begin PBXGroup section */
		3DBE1C462DDB88FF007A7E2A = {
			isa = PBXGroup;
			children = (
				3DBE1C4B2DDB88FF007A7E2A /* Shared (App) */,
				3DBE1C542DDB8900007A7E2A /* Shared (Extension) */,
				3DBE1C652DDB8900007A7E2A /* iOS (App) */,
				3DBE1C762DDB8900007A7E2A /* macOS (App) */,
				3DBE1C852DDB8900007A7E2A /* iOS (Extension) */,
				3DBE1C8F2DDB8900007A7E2A /* macOS (Extension) */,
				3DBE1C642DDB8900007A7E2A /* Products */,
			);
			sourceTree = "<group>";
		};
		3DBE1C642DDB8900007A7E2A /* Products */ = {
			isa = PBXGroup;
			children = (
				3DBE1C632DDB8900007A7E2A /* ScrollStop.app */,
				3DBE1C752DDB8900007A7E2A /* ScrollStop.app */,
				3DBE1C812DDB8900007A7E2A /* ScrollStop Extension.appex */,
				3DBE1C8B2DDB8900007A7E2A /* ScrollStop Extension.appex */,
			);
			name = Products;
			sourceTree = "<group>";
		};
/* End PBXGroup section */

/* Begin PBXNativeTarget section */
		3DBE1C622DDB8900007A7E2A /* ScrollStop (iOS) */ = {
			isa = PBXNativeTarget;
			buildConfigurationList = 3DBE1CB62DDB8900007A7E2A /* Build configuration list for PBXNativeTarget "ScrollStop (iOS)" */;
			buildPhases = (
				3DBE1C5F2DDB8900007A7E2A /* Sources */,
				3DBE1C602DDB8900007A7E2A /* Frameworks */,
				3DBE1C612DDB8900007A7E2A /* Resources */,
				3DBE1CB52DDB8900007A7E2A /* Embed Foundation Extensions */,
			);
			buildRules = (
			);
			dependencies = (
				3DBE1C842DDB8900007A7E2A /* PBXTargetDependency */,
			);
			fileSystemSynchronizedGroups = (
				3DBE1C652DDB8900007A7E2A /* iOS (App) */,
			);
			name = "ScrollStop (iOS)";
			packageProductDependencies = (
			);
			productName = "ScrollStop (iOS)";
			productReference = 3DBE1C632DDB8900007A7E2A /* ScrollStop.app */;
			productType = "com.apple.product-type.application";
		};
		3DBE1C742DDB8900007A7E2A /* ScrollStop (macOS) */ = {
			isa = PBXNativeTarget;
			buildConfigurationList = 3DBE1CC02DDB8900007A7E2A /* Build configuration list for PBXNativeTarget "ScrollStop (macOS)" */;
			buildPhases = (
				3DBE1C712DDB8900007A7E2A /* Sources */,
				3DBE1C722DDB8900007A7E2A /* Frameworks */,
				3DBE1C732DDB8900007A7E2A /* Resources */,
				3DBE1CBF2DDB8900007A7E2A /* Embed Foundation Extensions */,
			);
			buildRules = (
			);
			dependencies = (
				3DBE1C8E2DDB8900007A7E2A /* PBXTargetDependency */,
			);
			fileSystemSynchronizedGroups = (
				3DBE1C762DDB8900007A7E2A /* macOS (App) */,
			);
			name = "ScrollStop (macOS)";
			packageProductDependencies = (
			);
			productName = "ScrollStop (macOS)";
			productReference = 3DBE1C752DDB8900007A7E2A /* ScrollStop.app */;
			productType = "com.apple.product-type.application";
		};
		3DBE1C802DDB8900007A7E2A /* ScrollStop Extension (iOS) */ = {
			isa = PBXNativeTarget;
			buildConfigurationList = 3DBE1CB12DDB8900007A7E2A /* Build configuration list for PBXNativeTarget "ScrollStop Extension (iOS)" */;
			buildPhases = (
				3DBE1C7D2DDB8900007A7E2A /* Sources */,
				3DBE1C7E2DDB8900007A7E2A /* Frameworks */,
				3DBE1C7F2DDB8900007A7E2A /* Resources */,
			);
			buildRules = (
			);
			dependencies = (
			);
			fileSystemSynchronizedGroups = (
				3DBE1C852DDB8900007A7E2A /* iOS (Extension) */,
			);
			name = "ScrollStop Extension (iOS)";
			packageProductDependencies = (
			);
			productName = "ScrollStop Extension (iOS)";
			productReference = 3DBE1C812DDB8900007A7E2A /* ScrollStop Extension.appex */;
			productType = "com.apple.product-type.app-extension";
		};
		3DBE1C8A2DDB8900007A7E2A /* ScrollStop Extension (macOS) */ = {
			isa = PBXNativeTarget;
			buildConfigurationList = 3DBE1CBB2DDB8900007A7E2A /* Build configuration list for PBXNativeTarget "ScrollStop Extension (macOS)" */;
			buildPhases = (
				3DBE1C872DDB8900007A7E2A /* Sources */,
				3DBE1C882DDB8900007A7E2A /* Frameworks */,
				3DBE1C892DDB8900007A7E2A /* Resources */,
			);
			buildRules = (
			);
			dependencies = (
			);
			fileSystemSynchronizedGroups = (
				3DBE1C8F2DDB8900007A7E2A /* macOS (Extension) */,
			);
			name = "ScrollStop Extension (macOS)";
			packageProductDependencies = (
			);
			productName = "ScrollStop Extension (macOS)";
			productReference = 3DBE1C8B2DDB8900007A7E2A /* ScrollStop Extension.appex */;
			productType = "com.apple.product-type.app-extension";
		};
/* End PBXNativeTarget section */

/* Begin PBXProject section */
		3DBE1C472DDB88FF007A7E2A /* Project object */ = {
			isa = PBXProject;
			attributes = {
				BuildIndependentTargetsInParallel = 1;
				LastSwiftUpdateCheck = 1630;
				LastUpgradeCheck = 1640;
				TargetAttributes = {
					3DBE1C622DDB8900007A7E2A = {
						CreatedOnToolsVersion = 16.3;
					};
					3DBE1C742DDB8900007A7E2A = {
						CreatedOnToolsVersion = 16.3;
					};
					3DBE1C802DDB8900007A7E2A = {
						CreatedOnToolsVersion = 16.3;
					};
					3DBE1C8A2DDB8900007A7E2A = {
						CreatedOnToolsVersion = 16.3;
					};
				};
			};
			buildConfigurationList = 3DBE1C4A2DDB88FF007A7E2A /* Build configuration list for PBXProject "ScrollStop" */;
			developmentRegion = en;
			hasScannedForEncodings = 0;
			knownRegions = (
				en,
				Base,
			);
			mainGroup = 3DBE1C462DDB88FF007A7E2A;
			minimizedProjectReferenceProxies = 1;
			preferredProjectObjectVersion = 77;
			productRefGroup = 3DBE1C642DDB8900007A7E2A /* Products */;
			projectDirPath = "";
			projectRoot = "";
			targets = (
				3DBE1C622DDB8900007A7E2A /* ScrollStop (iOS) */,
				3DBE1C742DDB8900007A7E2A /* ScrollStop (macOS) */,
				3DBE1C802DDB8900007A7E2A /* ScrollStop Extension (iOS) */,
				3DBE1C8A2DDB8900007A7E2A /* ScrollStop Extension (macOS) */,
			);
		};
/* End PBXProject section */

/* Begin PBXResourcesBuildPhase section */
		3DBE1C612DDB8900007A7E2A /* Resources */ = {
			isa = PBXResourcesBuildPhase;
			buildActionMask = 2147483647;
			files = (
			);
			runOnlyForDeploymentPostprocessing = 0;
		};
		3DBE1C732DDB8900007A7E2A /* Resources */ = {
			isa = PBXResourcesBuildPhase;
			buildActionMask = 2147483647;
			files = (
			);
			runOnlyForDeploymentPostprocessing = 0;
		};
		3DBE1C7F2DDB8900007A7E2A /* Resources */ = {
			isa = PBXResourcesBuildPhase;
			buildActionMask = 2147483647;
			files = (
			);
			runOnlyForDeploymentPostprocessing = 0;
		};
		3DBE1C892DDB8900007A7E2A /* Resources */ = {
			isa = PBXResourcesBuildPhase;
			buildActionMask = 2147483647;
			files = (
			);
			runOnlyForDeploymentPostprocessing = 0;
		};
/* End PBXResourcesBuildPhase section */

/* Begin PBXSourcesBuildPhase section */
		3DBE1C5F2DDB8900007A7E2A /* Sources */ = {
			isa = PBXSourcesBuildPhase;
			buildActionMask = 2147483647;
			files = (
			);
			runOnlyForDeploymentPostprocessing = 0;
		};
		3DBE1C712DDB8900007A7E2A /* Sources */ = {
			isa = PBXSourcesBuildPhase;
			buildActionMask = 2147483647;
			files = (
			);
			runOnlyForDeploymentPostprocessing = 0;
		};
		3DBE1C7D2DDB8900007A7E2A /* Sources */ = {
			isa = PBXSourcesBuildPhase;
			buildActionMask = 2147483647;
			files = (
			);
			runOnlyForDeploymentPostprocessing = 0;
		};
		3DBE1C872DDB8900007A7E2A /* Sources */ = {
			isa = PBXSourcesBuildPhase;
			buildActionMask = 2147483647;
			files = (
			);
			runOnlyForDeploymentPostprocessing = 0;
		};
/* End PBXSourcesBuildPhase section */

/* Begin PBXTargetDependency section */
		3DBE1C842DDB8900007A7E2A /* PBXTargetDependency */ = {
			isa = PBXTargetDependency;
			target = 3DBE1C802DDB8900007A7E2A /* ScrollStop Extension (iOS) */;
			targetProxy = 3DBE1C832DDB8900007A7E2A /* PBXContainerItemProxy */;
		};
		3DBE1C8E2DDB8900007A7E2A /* PBXTargetDependency */ = {
			isa = PBXTargetDependency;
			target = 3DBE1C8A2DDB8900007A7E2A /* ScrollStop Extension (macOS) */;
			targetProxy = 3DBE1C8D2DDB8900007A7E2A /* PBXContainerItemProxy */;
		};
/* End PBXTargetDependency section */

/* Begin XCBuildConfiguration section */
		3DBE1CB22DDB8900007A7E2A /* Debug */ = {
			isa = XCBuildConfiguration;
			buildSettings = {
				CODE_SIGN_STYLE = Automatic;
				CURRENT_PROJECT_VERSION = 1;
				DEVELOPMENT_TEAM = Z66Q4BXFN7;
				GENERATE_INFOPLIST_FILE = YES;
				INFOPLIST_FILE = "iOS (Extension)/Info.plist";
				INFOPLIST_KEY_CFBundleDisplayName = "ScrollStop Extension";
				INFOPLIST_KEY_NSHumanReadableCopyright = "";
				IPHONEOS_DEPLOYMENT_TARGET = 15.0;
				LD_RUNPATH_SEARCH_PATHS = (
					"$(inherited)",
					"@executable_path/Frameworks",
					"@executable_path/../../Frameworks",
				);
				MARKETING_VERSION = 1.0;
				OTHER_LDFLAGS = (
					"-framework",
					SafariServices,
				);
				PRODUCT_BUNDLE_IDENTIFIER = Luddite.ScrollStop.Extension;
				PRODUCT_NAME = "ScrollStop Extension";
				SDKROOT = iphoneos;
				SKIP_INSTALL = YES;
				SWIFT_EMIT_LOC_STRINGS = YES;
				SWIFT_VERSION = 5.0;
				TARGETED_DEVICE_FAMILY = "1,2";
			};
			name = Debug;
		};
		3DBE1CB32DDB8900007A7E2A /* Release */ = {
			isa = XCBuildConfiguration;
			buildSettings = {
				CODE_SIGN_STYLE = Automatic;
				CURRENT_PROJECT_VERSION = 1;
				DEVELOPMENT_TEAM = Z66Q4BXFN7;
				GENERATE_INFOPLIST_FILE = YES;
				INFOPLIST_FILE = "iOS (Extension)/Info.plist";
				INFOPLIST_KEY_CFBundleDisplayName = "ScrollStop Extension";
				INFOPLIST_KEY_NSHumanReadableCopyright = "";
				IPHONEOS_DEPLOYMENT_TARGET = 15.0;
				LD_RUNPATH_SEARCH_PATHS = (
					"$(inherited)",
					"@executable_path/Frameworks",
					"@executable_path/../../Frameworks",
				);
				MARKETING_VERSION = 1.0;
				OTHER_LDFLAGS = (
					"-framework",
					SafariServices,
				);
				PRODUCT_BUNDLE_IDENTIFIER = Luddite.ScrollStop.Extension;
				PRODUCT_NAME = "ScrollStop Extension";
				SDKROOT = iphoneos;
				SKIP_INSTALL = YES;
				SWIFT_EMIT_LOC_STRINGS = YES;
				SWIFT_VERSION = 5.0;
				TARGETED_DEVICE_FAMILY = "1,2";
				VALIDATE_PRODUCT = YES;
			};
			name = Release;
		};
		3DBE1CB72DDB8900007A7E2A /* Debug */ = {
			isa = XCBuildConfiguration;
			buildSettings = {
				ASSETCATALOG_COMPILER_APPICON_NAME = AppIcon;
				ASSETCATALOG_COMPILER_GLOBAL_ACCENT_COLOR_NAME = AccentColor;
				CODE_SIGN_STYLE = Automatic;
				CURRENT_PROJECT_VERSION = 1;
				DEVELOPMENT_TEAM = Z66Q4BXFN7;
				GENERATE_INFOPLIST_FILE = YES;
				INFOPLIST_FILE = "iOS (App)/Info.plist";
				INFOPLIST_KEY_CFBundleDisplayName = ScrollStop;
				INFOPLIST_KEY_UIApplicationSupportsIndirectInputEvents = YES;
				INFOPLIST_KEY_UILaunchStoryboardName = LaunchScreen;
				INFOPLIST_KEY_UIMainStoryboardFile = Main;
				INFOPLIST_KEY_UISupportedInterfaceOrientations = "UIInterfaceOrientationPortrait UIInterfaceOrientationLandscapeLeft UIInterfaceOrientationLandscapeRight";
				INFOPLIST_KEY_UISupportedInterfaceOrientations_iPad = "UIInterfaceOrientationPortrait UIInterfaceOrientationPortraitUpsideDown UIInterfaceOrientationLandscapeLeft UIInterfaceOrientationLandscapeRight";
				IPHONEOS_DEPLOYMENT_TARGET = 15.0;
				LD_RUNPATH_SEARCH_PATHS = (
					"$(inherited)",
					"@executable_path/Frameworks",
				);
				MARKETING_VERSION = 1.0;
				OTHER_LDFLAGS = (
					"-framework",
					SafariServices,
					"-framework",
					WebKit,
				);
				PRODUCT_BUNDLE_IDENTIFIER = Luddite.ScrollStop;
				PRODUCT_NAME = ScrollStop;
				SDKROOT = iphoneos;
				SWIFT_EMIT_LOC_STRINGS = YES;
				SWIFT_VERSION = 5.0;
				TARGETED_DEVICE_FAMILY = "1,2";
			};
			name = Debug;
		};
		3DBE1CB82DDB8900007A7E2A /* Release */ = {
			isa = XCBuildConfiguration;
			buildSettings = {
				ASSETCATALOG_COMPILER_APPICON_NAME = AppIcon;
				ASSETCATALOG_COMPILER_GLOBAL_ACCENT_COLOR_NAME = AccentColor;
				CODE_SIGN_STYLE = Automatic;
				CURRENT_PROJECT_VERSION = 1;
				DEVELOPMENT_TEAM = Z66Q4BXFN7;
				GENERATE_INFOPLIST_FILE = YES;
				INFOPLIST_FILE = "iOS (App)/Info.plist";
				INFOPLIST_KEY_CFBundleDisplayName = ScrollStop;
				INFOPLIST_KEY_UIApplicationSupportsIndirectInputEvents = YES;
				INFOPLIST_KEY_UILaunchStoryboardName = LaunchScreen;
				INFOPLIST_KEY_UIMainStoryboardFile = Main;
				INFOPLIST_KEY_UISupportedInterfaceOrientations = "UIInterfaceOrientationPortrait UIInterfaceOrientationLandscapeLeft UIInterfaceOrientationLandscapeRight";
				INFOPLIST_KEY_UISupportedInterfaceOrientations_iPad = "UIInterfaceOrientationPortrait UIInterfaceOrientationPortraitUpsideDown UIInterfaceOrientationLandscapeLeft UIInterfaceOrientationLandscapeRight";
				IPHONEOS_DEPLOYMENT_TARGET = 15.0;
				LD_RUNPATH_SEARCH_PATHS = (
					"$(inherited)",
					"@executable_path/Frameworks",
				);
				MARKETING_VERSION = 1.0;
				OTHER_LDFLAGS = (
					"-framework",
					SafariServices,
					"-framework",
					WebKit,
				);
				PRODUCT_BUNDLE_IDENTIFIER = Luddite.ScrollStop;
				PRODUCT_NAME = ScrollStop;
				SDKROOT = iphoneos;
				SWIFT_EMIT_LOC_STRINGS = YES;
				SWIFT_VERSION = 5.0;
				TARGETED_DEVICE_FAMILY = "1,2";
				VALIDATE_PRODUCT = YES;
			};
			name = Release;
		};
		3DBE1CBC2DDB8900007A7E2A /* Debug */ = {
			isa = XCBuildConfiguration;
			buildSettings = {
				CODE_SIGN_ENTITLEMENTS = "macOS (Extension)/ScrollStop.entitlements";
				CODE_SIGN_STYLE = Automatic;
				CURRENT_PROJECT_VERSION = 1;
				DEAD_CODE_STRIPPING = YES;
				ENABLE_HARDENED_RUNTIME = YES;
				GENERATE_INFOPLIST_FILE = YES;
				INFOPLIST_FILE = "macOS (Extension)/Info.plist";
				INFOPLIST_KEY_CFBundleDisplayName = "ScrollStop Extension";
				INFOPLIST_KEY_NSHumanReadableCopyright = "";
				LD_RUNPATH_SEARCH_PATHS = (
					"$(inherited)",
					"@executable_path/../Frameworks",
					"@executable_path/../../../../Frameworks",
				);
				MACOSX_DEPLOYMENT_TARGET = 11.0;
				MARKETING_VERSION = 1.0;
				OTHER_LDFLAGS = (
					"-framework",
					SafariServices,
				);
				PRODUCT_BUNDLE_IDENTIFIER = Luddite.ScrollStop.Extension;
				PRODUCT_NAME = "ScrollStop Extension";
				SDKROOT = macosx;
				SKIP_INSTALL = YES;
				SWIFT_EMIT_LOC_STRINGS = YES;
				SWIFT_VERSION = 5.0;
			};
			name = Debug;
		};
		3DBE1CBD2DDB8900007A7E2A /* Release */ = {
			isa = XCBuildConfiguration;
			buildSettings = {
				CODE_SIGN_ENTITLEMENTS = "macOS (Extension)/ScrollStop.entitlements";
				CODE_SIGN_STYLE = Automatic;
				CURRENT_PROJECT_VERSION = 1;
				DEAD_CODE_STRIPPING = YES;
				ENABLE_HARDENED_RUNTIME = YES;
				GENERATE_INFOPLIST_FILE = YES;
				INFOPLIST_FILE = "macOS (Extension)/Info.plist";
				INFOPLIST_KEY_CFBundleDisplayName = "ScrollStop Extension";
				INFOPLIST_KEY_NSHumanReadableCopyright = "";
				LD_RUNPATH_SEARCH_PATHS = (
					"$(inherited)",
					"@executable_path/../Frameworks",
					"@executable_path/../../../../Frameworks",
				);
				MACOSX_DEPLOYMENT_TARGET = 11.0;
				MARKETING_VERSION = 1.0;
				OTHER_LDFLAGS = (
					"-framework",
					SafariServices,
				);
				PRODUCT_BUNDLE_IDENTIFIER = Luddite.ScrollStop.Extension;
				PRODUCT_NAME = "ScrollStop Extension";
				SDKROOT = macosx;
				SKIP_INSTALL = YES;
				SWIFT_EMIT_LOC_STRINGS = YES;
				SWIFT_VERSION = 5.0;
			};
			name = Release;
		};
		3DBE1CC12DDB8900007A7E2A /* Debug */ = {
			isa = XCBuildConfiguration;
			buildSettings = {
				ASSETCATALOG_COMPILER_APPICON_NAME = AppIcon;
				ASSETCATALOG_COMPILER_GLOBAL_ACCENT_COLOR_NAME = AccentColor;
				CODE_SIGN_ENTITLEMENTS = "macOS (App)/ScrollStop.entitlements";
				CODE_SIGN_STYLE = Automatic;
				CURRENT_PROJECT_VERSION = 1;
				DEAD_CODE_STRIPPING = YES;
				ENABLE_HARDENED_RUNTIME = YES;
				GENERATE_INFOPLIST_FILE = YES;
				INFOPLIST_KEY_CFBundleDisplayName = ScrollStop;
				INFOPLIST_KEY_NSMainStoryboardFile = Main;
				INFOPLIST_KEY_NSPrincipalClass = NSApplication;
				LD_RUNPATH_SEARCH_PATHS = (
					"$(inherited)",
					"@executable_path/../Frameworks",
				);
				MACOSX_DEPLOYMENT_TARGET = 11.0;
				MARKETING_VERSION = 1.0;
				OTHER_LDFLAGS = (
					"-framework",
					SafariServices,
					"-framework",
					WebKit,
				);
				PRODUCT_BUNDLE_IDENTIFIER = Luddite.ScrollStop;
				PRODUCT_NAME = ScrollStop;
				REGISTER_APP_GROUPS = YES;
				SDKROOT = macosx;
				SWIFT_EMIT_LOC_STRINGS = YES;
				SWIFT_VERSION = 5.0;
			};
			name = Debug;
		};
		3DBE1CC22DDB8900007A7E2A /* Release */ = {
			isa = XCBuildConfiguration;
			buildSettings = {
				ASSETCATALOG_COMPILER_APPICON_NAME = AppIcon;
				ASSETCATALOG_COMPILER_GLOBAL_ACCENT_COLOR_NAME = AccentColor;
				CODE_SIGN_ENTITLEMENTS = "macOS (App)/ScrollStop.entitlements";
				CODE_SIGN_STYLE = Automatic;
				CURRENT_PROJECT_VERSION = 1;
				DEAD_CODE_STRIPPING = YES;
				ENABLE_HARDENED_RUNTIME = YES;
				GENERATE_INFOPLIST_FILE = YES;
				INFOPLIST_KEY_CFBundleDisplayName = ScrollStop;
				INFOPLIST_KEY_NSMainStoryboardFile = Main;
				INFOPLIST_KEY_NSPrincipalClass = NSApplication;
				LD_RUNPATH_SEARCH_PATHS = (
					"$(inherited)",
					"@executable_path/../Frameworks",
				);
				MACOSX_DEPLOYMENT_TARGET = 11.0;
				MARKETING_VERSION = 1.0;
				OTHER_LDFLAGS = (
					"-framework",
					SafariServices,
					"-framework",
					WebKit,
				);
				PRODUCT_BUNDLE_IDENTIFIER = Luddite.ScrollStop;
				PRODUCT_NAME = ScrollStop;
				REGISTER_APP_GROUPS = YES;
				SDKROOT = macosx;
				SWIFT_EMIT_LOC_STRINGS = YES;
				SWIFT_VERSION = 5.0;
			};
			name = Release;
		};
		3DBE1CC52DDB8900007A7E2A /* Debug */ = {
			isa = XCBuildConfiguration;
			buildSettings = {
				ALWAYS_SEARCH_USER_PATHS = NO;
				ASSETCATALOG_COMPILER_GENERATE_SWIFT_ASSET_SYMBOL_EXTENSIONS = YES;
				CLANG_ANALYZER_NONNULL = YES;
				CLANG_ANALYZER_NUMBER_OBJECT_CONVERSION = YES_AGGRESSIVE;
				CLANG_CXX_LANGUAGE_STANDARD = "gnu++20";
				CLANG_ENABLE_MODULES = YES;
				CLANG_ENABLE_OBJC_ARC = YES;
				CLANG_ENABLE_OBJC_WEAK = YES;
				CLANG_WARN_BLOCK_CAPTURE_AUTORELEASING = YES;
				CLANG_WARN_BOOL_CONVERSION = YES;
				CLANG_WARN_COMMA = YES;
				CLANG_WARN_CONSTANT_CONVERSION = YES;
				CLANG_WARN_DEPRECATED_OBJC_IMPLEMENTATIONS = YES;
				CLANG_WARN_DIRECT_OBJC_ISA_USAGE = YES_ERROR;
				CLANG_WARN_DOCUMENTATION_COMMENTS = YES;
				CLANG_WARN_EMPTY_BODY = YES;
				CLANG_WARN_ENUM_CONVERSION = YES;
				CLANG_WARN_INFINITE_RECURSION = YES;
				CLANG_WARN_INT_CONVERSION = YES;
				CLANG_WARN_NON_LITERAL_NULL_CONVERSION = YES;
				CLANG_WARN_OBJC_IMPLICIT_RETAIN_SELF = YES;
				CLANG_WARN_OBJC_LITERAL_CONVERSION = YES;
				CLANG_WARN_OBJC_ROOT_CLASS = YES_ERROR;
				CLANG_WARN_QUOTED_INCLUDE_IN_FRAMEWORK_HEADER = YES;
				CLANG_WARN_RANGE_LOOP_ANALYSIS = YES;
				CLANG_WARN_STRICT_PROTOTYPES = YES;
				CLANG_WARN_SUSPICIOUS_MOVE = YES;
				CLANG_WARN_UNGUARDED_AVAILABILITY = YES_AGGRESSIVE;
				CLANG_WARN_UNREACHABLE_CODE = YES;
				CLANG_WARN__DUPLICATE_METHOD_MATCH = YES;
				COPY_PHASE_STRIP = NO;
				DEAD_CODE_STRIPPING = YES;
				DEBUG_INFORMATION_FORMAT = dwarf;
				ENABLE_STRICT_OBJC_MSGSEND = YES;
				ENABLE_TESTABILITY = YES;
				ENABLE_USER_SCRIPT_SANDBOXING = YES;
				GCC_C_LANGUAGE_STANDARD = gnu17;
				GCC_DYNAMIC_NO_PIC = NO;
				GCC_NO_COMMON_BLOCKS = YES;
				GCC_OPTIMIZATION_LEVEL = 0;
				GCC_PREPROCESSOR_DEFINITIONS = (
					"DEBUG=1",
					"$(inherited)",
				);
				GCC_WARN_64_TO_32_BIT_CONVERSION = YES;
				GCC_WARN_ABOUT_RETURN_TYPE = YES_ERROR;
				GCC_WARN_UNDECLARED_SELECTOR = YES;
				GCC_WARN_UNINITIALIZED_AUTOS = YES_AGGRESSIVE;
				GCC_WARN_UNUSED_FUNCTION = YES;
				GCC_WARN_UNUSED_VARIABLE = YES;
				LOCALIZATION_PREFERS_STRING_CATALOGS = YES;
				MTL_ENABLE_DEBUG_INFO = INCLUDE_SOURCE;
				MTL_FAST_MATH = YES;
				ONLY_ACTIVE_ARCH = YES;
				SWIFT_ACTIVE_COMPILATION_CONDITIONS = "DEBUG $(inherited)";
				SWIFT_OPTIMIZATION_LEVEL = "-Onone";
			};
			name = Debug;
		};
		3DBE1CC62DDB8900007A7E2A /* Release */ = {
			isa = XCBuildConfiguration;
			buildSettings = {
				ALWAYS_SEARCH_USER_PATHS = NO;
				ASSETCATALOG_COMPILER_GENERATE_SWIFT_ASSET_SYMBOL_EXTENSIONS = YES;
				CLANG_ANALYZER_NONNULL = YES;
				CLANG_ANALYZER_NUMBER_OBJECT_CONVERSION = YES_AGGRESSIVE;
				CLANG_CXX_LANGUAGE_STANDARD = "gnu++20";
				CLANG_ENABLE_MODULES = YES;
				CLANG_ENABLE_OBJC_ARC = YES;
				CLANG_ENABLE_OBJC_WEAK = YES;
				CLANG_WARN_BLOCK_CAPTURE_AUTORELEASING = YES;
				CLANG_WARN_BOOL_CONVERSION = YES;
				CLANG_WARN_COMMA = YES;
				CLANG_WARN_CONSTANT_CONVERSION = YES;
				CLANG_WARN_DEPRECATED_OBJC_IMPLEMENTATIONS = YES;
				CLANG_WARN_DIRECT_OBJC_ISA_USAGE = YES_ERROR;
				CLANG_WARN_DOCUMENTATION_COMMENTS = YES;
				CLANG_WARN_EMPTY_BODY = YES;
				CLANG_WARN_ENUM_CONVERSION = YES;
				CLANG_WARN_INFINITE_RECURSION = YES;
				CLANG_WARN_INT_CONVERSION = YES;
				CLANG_WARN_NON_LITERAL_NULL_CONVERSION = YES;
				CLANG_WARN_OBJC_IMPLICIT_RETAIN_SELF = YES;
				CLANG_WARN_OBJC_LITERAL_CONVERSION = YES;
				CLANG_WARN_OBJC_ROOT_CLASS = YES_ERROR;
				CLANG_WARN_QUOTED_INCLUDE_IN_FRAMEWORK_HEADER = YES;
				CLANG_WARN_RANGE_LOOP_ANALYSIS = YES;
				CLANG_WARN_STRICT_PROTOTYPES = YES;
				CLANG_WARN_SUSPICIOUS_MOVE = YES;
				CLANG_WARN_UNGUARDED_AVAILABILITY = YES_AGGRESSIVE;
				CLANG_WARN_UNREACHABLE_CODE = YES;
				CLANG_WARN__DUPLICATE_METHOD_MATCH = YES;
				COPY_PHASE_STRIP = NO;
				DEAD_CODE_STRIPPING = YES;
				DEBUG_INFORMATION_FORMAT = "dwarf-with-dsym";
				ENABLE_NS_ASSERTIONS = NO;
				ENABLE_STRICT_OBJC_MSGSEND = YES;
				ENABLE_USER_SCRIPT_SANDBOXING = YES;
				GCC_C_LANGUAGE_STANDARD = gnu17;
				GCC_NO_COMMON_BLOCKS = YES;
				GCC_WARN_64_TO_32_BIT_CONVERSION = YES;
				GCC_WARN_ABOUT_RETURN_TYPE = YES_ERROR;
				GCC_WARN_UNDECLARED_SELECTOR = YES;
				GCC_WARN_UNINITIALIZED_AUTOS = YES_AGGRESSIVE;
				GCC_WARN_UNUSED_FUNCTION = YES;
				GCC_WARN_UNUSED_VARIABLE = YES;
				LOCALIZATION_PREFERS_STRING_CATALOGS = YES;
				MTL_ENABLE_DEBUG_INFO = NO;
				MTL_FAST_MATH = YES;
				SWIFT_COMPILATION_MODE = wholemodule;
			};
			name = Release;
		};
/* End XCBuildConfiguration section */

/* Begin XCConfigurationList section */
		3DBE1C4A2DDB88FF007A7E2A /* Build configuration list for PBXProject "ScrollStop" */ = {
			isa = XCConfigurationList;
			buildConfigurations = (
				3DBE1CC52DDB8900007A7E2A /* Debug */,
				3DBE1CC62DDB8900007A7E2A /* Release */,
			);
			defaultConfigurationIsVisible = 0;
			defaultConfigurationName = Release;
		};
		3DBE1CB12DDB8900007A7E2A /* Build configuration list for PBXNativeTarget "ScrollStop Extension (iOS)" */ = {
			isa = XCConfigurationList;
			buildConfigurations = (
				3DBE1CB22DDB8900007A7E2A /* Debug */,
				3DBE1CB32DDB8900007A7E2A /* Release */,
			);
			defaultConfigurationIsVisible = 0;
			defaultConfigurationName = Release;
		};
		3DBE1CB62DDB8900007A7E2A /* Build configuration list for PBXNativeTarget "ScrollStop (iOS)" */ = {
			isa = XCConfigurationList;
			buildConfigurations = (
				3DBE1CB72DDB8900007A7E2A /* Debug */,
				3DBE1CB82DDB8900007A7E2A /* Release */,
			);
			defaultConfigurationIsVisible = 0;
			defaultConfigurationName = Release;
		};
		3DBE1CBB2DDB8900007A7E2A /* Build configuration list for PBXNativeTarget "ScrollStop Extension (macOS)" */ = {
			isa = XCConfigurationList;
			buildConfigurations = (
				3DBE1CBC2DDB8900007A7E2A /* Debug */,
				3DBE1CBD2DDB8900007A7E2A /* Release */,
			);
			defaultConfigurationIsVisible = 0;
			defaultConfigurationName = Release;
		};
		3DBE1CC02DDB8900007A7E2A /* Build configuration list for PBXNativeTarget "ScrollStop (macOS)" */ = {
			isa = XCConfigurationList;
			buildConfigurations = (
				3DBE1CC12DDB8900007A7E2A /* Debug */,
				3DBE1CC22DDB8900007A7E2A /* Release */,
			);
			defaultConfigurationIsVisible = 0;
			defaultConfigurationName = Release;
		};
/* End XCConfigurationList section */
	};
	rootObject = 3DBE1C472DDB88FF007A7E2A /* Project object */;
}
